
Microsoft Visual Studio Solution File, Format Version 12.00
# Visual Studio Version 16
VisualStudioVersion = 16.0.31025.194
MinimumVisualStudioVersion = 10.0.40219.1
Project("{FAE04EC0-301F-11D3-BF4B-00C04F79EFBC}") = "sceWork", "sceWork.csproj", "{C18AE68C-5224-4483-9A91-4F43B26DAFFE}"
EndProject
Global
	GlobalSection(SolutionConfigurationPlatforms) = preSolution
		Debug|Any CPU = Debug|Any CPU
		Release|Any CPU = Release|Any CPU
	EndGlobalSection
	GlobalSection(ProjectConfigurationPlatforms) = postSolution
		{C18AE68C-5224-4483-9A91-4F43B26DAFFE}.Debug|Any CPU.ActiveCfg = Debug|Any CPU
		{C18AE68C-5224-4483-9A91-4F43B26DAFFE}.Debug|Any CPU.Build.0 = Debug|Any CPU
		{C18AE68C-5224-4483-9A91-4F43B26DAFFE}.Release|Any CPU.ActiveCfg = Release|Any CPU
		{C18AE68C-5224-4483-9A91-4F43B26DAFFE}.Release|Any CPU.Build.0 = Release|Any CPU
	EndGlobalSection
	GlobalSection(SolutionProperties) = preSolution
		HideSolutionNode = FALSE
	EndGlobalSection
	GlobalSection(ExtensibilityGlobals) = postSolution
		SolutionGuid = {C566BAED-EBDF-46B7-9912-A0FB648AD9A2}
	EndGlobalSection
EndGlobal
